# @generated - this file is auto-generated by `mise lock` https://mise.jdx.dev/dev-tools/mise-lock.html

lockfile_version = 1

[[tools.python]]
version = "3.12.8"
backend = "core:python"
specifiers = ["3.12.8"]

[tools.python."platforms.linux-arm64"]
checksum = "sha256:300e8098cfc305b329a258128afa1d6366ced039f16c70ec93ab4ff18f86c8ff"
url = "https://github.com/astral-sh/python-build-standalone/releases/download/20250115/cpython-3.12.8+20250115-aarch64-unknown-linux-gnu-install_only_stripped.tar.gz"
provenance = "github-attestations"

[tools.python."platforms.linux-x64"]
checksum = "sha256:34a5a1619aba16544ec8d6f225be59b333d650f58983eeca25193722dc9016fd"
url = "https://github.com/astral-sh/python-build-standalone/releases/download/20250115/cpython-3.12.8+20250115-x86_64-unknown-linux-gnu-install_only_stripped.tar.gz"
provenance = "github-attestations"

[tools.python."platforms.linux-x64-musl"]
checksum = "sha256:8121b6e4a2f719546f91be348e72bf6190727d891bbbd7acc7d06becd5a182fe"
url = "https://github.com/astral-sh/python-build-standalone/releases/download/20250115/cpython-3.12.8+20250115-x86_64-unknown-linux-musl-install_only_stripped.tar.gz"
provenance = "github-attestations"

[tools.python."platforms.macos-arm64"]
checksum = "sha256:dfb8a4c87116538717105ef3dec3668ae07590a5b5532109fec3ccad90be2fbc"
url = "https://github.com/astral-sh/python-build-standalone/releases/download/20250115/cpython-3.12.8+20250115-aarch64-apple-darwin-install_only_stripped.tar.gz"
provenance = "github-attestations"

[tools.python."platforms.macos-x64"]
checksum = "sha256:9f5d4a71b9157a160cf8a8e93158404553b588ddd4a94e6c54753c26b03fee5e"
url = "https://github.com/astral-sh/python-build-standalone/releases/download/20250115/cpython-3.12.8+20250115-x86_64-apple-darwin-install_only_stripped.tar.gz"
provenance = "github-attestations"

[tools.python."platforms.windows-x64"]
checksum = "sha256:8a4e9e748eeee7ae71048a108a55a9bac48f8bedf9dff413a7c87744f0408ef1"
url = "https://github.com/astral-sh/python-build-standalone/releases/download/20250115/cpython-3.12.8+20250115-x86_64-pc-windows-msvc-install_only_stripped.tar.gz"
provenance = "github-attestations"
